
Microsoft Visual Studio Solution File, Format Version 12.00
# Visual Studio Version 16
VisualStudioVersion = 16.0.33328.57
MinimumVisualStudioVersion = 10.0.40219.1
Project("{FAE04EC0-301F-11D3-BF4B-00C04F79EFBC}") = "OrnekProje", "OrnekProje\OrnekProje.csproj", "{E141F337-DAE8-4C15-8475-02E4CF8EF2FB}"
EndProject
Global
	GlobalSection(SolutionConfigurationPlatforms) = preSolution
		Debug|Any CPU = Debug|Any CPU
		Release|Any CPU = Release|Any CPU
	EndGlobalSection
	GlobalSection(ProjectConfigurationPlatforms) = postSolution
		{E141F337-DAE8-4C15-8475-02E4CF8EF2FB}.Debug|Any CPU.ActiveCfg = Debug|Any CPU
		{E141F337-DAE8-4C15-8475-02E4CF8EF2FB}.Debug|Any CPU.Build.0 = Debug|Any CPU
		{E141F337-DAE8-4C15-8475-02E4CF8EF2FB}.Release|Any CPU.ActiveCfg = Release|Any CPU
		{E141F337-DAE8-4C15-8475-02E4CF8EF2FB}.Release|Any CPU.Build.0 = Release|Any CPU
	EndGlobalSection
	GlobalSection(SolutionProperties) = preSolution
		HideSolutionNode = FALSE
	EndGlobalSection
	GlobalSection(ExtensibilityGlobals) = postSolution
		SolutionGuid = {9F1B7262-3508-4A53-86AA-1BB953C4BE5F}
	EndGlobalSection
EndGlobal
